
Microsoft Visual Studio Solution File, Format Version 12.00
# Visual Studio Version 17
VisualStudioVersion = 17.10.35122.118
MinimumVisualStudioVersion = 10.0.40219.1
Project("{FAE04EC0-301F-11D3-BF4B-00C04F79EFBC}") = "Lab 3", "Lab 3\Lab 3.csproj", "{E014A827-9518-4EE5-BA5E-1ECCF9CA85CE}"
EndProject
Global
	GlobalSection(SolutionConfigurationPlatforms) = preSolution
		Debug|Any CPU = Debug|Any CPU
		Release|Any CPU = Release|Any CPU
	EndGlobalSection
	GlobalSection(ProjectConfigurationPlatforms) = postSolution
		{E014A827-9518-4EE5-BA5E-1ECCF9CA85CE}.Debug|Any CPU.ActiveCfg = Debug|Any CPU
		{E014A827-9518-4EE5-BA5E-1ECCF9CA85CE}.Debug|Any CPU.Build.0 = Debug|Any CPU
		{E014A827-9518-4EE5-BA5E-1ECCF9CA85CE}.Release|Any CPU.ActiveCfg = Release|Any CPU
		{E014A827-9518-4EE5-BA5E-1ECCF9CA85CE}.Release|Any CPU.Build.0 = Release|Any CPU
	EndGlobalSection
	GlobalSection(SolutionProperties) = preSolution
		HideSolutionNode = FALSE
	EndGlobalSection
	GlobalSection(ExtensibilityGlobals) = postSolution
		SolutionGuid = {35AD4A98-F008-44B3-A4FE-AAAC02F1B52A}
	EndGlobalSection
EndGlobal
