
Microsoft Visual Studio Solution File, Format Version 12.00
# Visual Studio Version 17
VisualStudioVersion = 17.11.35327.3
MinimumVisualStudioVersion = 10.0.40219.1
Project("{FAE04EC0-301F-11D3-BF4B-00C04F79EFBC}") = "Actividad 23", "Actividad 23\Actividad 23.csproj", "{B7AA53D3-ADC6-40C0-BEEF-4F9734717E1B}"
EndProject
Global
	GlobalSection(SolutionConfigurationPlatforms) = preSolution
		Debug|Any CPU = Debug|Any CPU
		Release|Any CPU = Release|Any CPU
	EndGlobalSection
	GlobalSection(ProjectConfigurationPlatforms) = postSolution
		{B7AA53D3-ADC6-40C0-BEEF-4F9734717E1B}.Debug|Any CPU.ActiveCfg = Debug|Any CPU
		{B7AA53D3-ADC6-40C0-BEEF-4F9734717E1B}.Debug|Any CPU.Build.0 = Debug|Any CPU
		{B7AA53D3-ADC6-40C0-BEEF-4F9734717E1B}.Release|Any CPU.ActiveCfg = Release|Any CPU
		{B7AA53D3-ADC6-40C0-BEEF-4F9734717E1B}.Release|Any CPU.Build.0 = Release|Any CPU
	EndGlobalSection
	GlobalSection(SolutionProperties) = preSolution
		HideSolutionNode = FALSE
	EndGlobalSection
	GlobalSection(ExtensibilityGlobals) = postSolution
		SolutionGuid = {9F4E1C8A-3C31-4D0A-9AD9-AD6AD1DF96DF}
	EndGlobalSection
EndGlobal
