
Microsoft Visual Studio Solution File, Format Version 12.00
# Visual Studio Version 17
VisualStudioVersion = 17.10.35122.118
MinimumVisualStudioVersion = 10.0.40219.1
Project("{FAE04EC0-301F-11D3-BF4B-00C04F79EFBC}") = "Actividad 10", "Actividad 10\Actividad 10.csproj", "{BE1194D7-A060-4301-B063-8B4D29551974}"
EndProject
Global
	GlobalSection(SolutionConfigurationPlatforms) = preSolution
		Debug|Any CPU = Debug|Any CPU
		Release|Any CPU = Release|Any CPU
	EndGlobalSection
	GlobalSection(ProjectConfigurationPlatforms) = postSolution
		{BE1194D7-A060-4301-B063-8B4D29551974}.Debug|Any CPU.ActiveCfg = Debug|Any CPU
		{BE1194D7-A060-4301-B063-8B4D29551974}.Debug|Any CPU.Build.0 = Debug|Any CPU
		{BE1194D7-A060-4301-B063-8B4D29551974}.Release|Any CPU.ActiveCfg = Release|Any CPU
		{BE1194D7-A060-4301-B063-8B4D29551974}.Release|Any CPU.Build.0 = Release|Any CPU
	EndGlobalSection
	GlobalSection(SolutionProperties) = preSolution
		HideSolutionNode = FALSE
	EndGlobalSection
	GlobalSection(ExtensibilityGlobals) = postSolution
		SolutionGuid = {E24ED0B0-DD13-4000-9E16-47C39F88992F}
	EndGlobalSection
EndGlobal
