
Microsoft Visual Studio Solution File, Format Version 12.00
# Visual Studio Version 17
VisualStudioVersion = 17.11.35219.272
MinimumVisualStudioVersion = 10.0.40219.1
Project("{FAE04EC0-301F-11D3-BF4B-00C04F79EFBC}") = "Laboratorio 5", "Laboratorio 5\Laboratorio 5.csproj", "{D277DB58-5922-4A76-912F-BDE63DFC04C6}"
EndProject
Global
	GlobalSection(SolutionConfigurationPlatforms) = preSolution
		Debug|Any CPU = Debug|Any CPU
		Release|Any CPU = Release|Any CPU
	EndGlobalSection
	GlobalSection(ProjectConfigurationPlatforms) = postSolution
		{D277DB58-5922-4A76-912F-BDE63DFC04C6}.Debug|Any CPU.ActiveCfg = Debug|Any CPU
		{D277DB58-5922-4A76-912F-BDE63DFC04C6}.Debug|Any CPU.Build.0 = Debug|Any CPU
		{D277DB58-5922-4A76-912F-BDE63DFC04C6}.Release|Any CPU.ActiveCfg = Release|Any CPU
		{D277DB58-5922-4A76-912F-BDE63DFC04C6}.Release|Any CPU.Build.0 = Release|Any CPU
	EndGlobalSection
	GlobalSection(SolutionProperties) = preSolution
		HideSolutionNode = FALSE
	EndGlobalSection
	GlobalSection(ExtensibilityGlobals) = postSolution
		SolutionGuid = {FCA902F8-601A-49A9-A44C-604ED9527BBC}
	EndGlobalSection
EndGlobal
