
Microsoft Visual Studio Solution File, Format Version 12.00
# Visual Studio Version 17
VisualStudioVersion = 17.11.35327.3
MinimumVisualStudioVersion = 10.0.40219.1
Project("{FAE04EC0-301F-11D3-BF4B-00C04F79EFBC}") = "Actividad 16", "Actividad 16\Actividad 16.csproj", "{B7E6C3F1-2DA6-4C23-8A4A-18A2ABA52669}"
EndProject
Global
	GlobalSection(SolutionConfigurationPlatforms) = preSolution
		Debug|Any CPU = Debug|Any CPU
		Release|Any CPU = Release|Any CPU
	EndGlobalSection
	GlobalSection(ProjectConfigurationPlatforms) = postSolution
		{B7E6C3F1-2DA6-4C23-8A4A-18A2ABA52669}.Debug|Any CPU.ActiveCfg = Debug|Any CPU
		{B7E6C3F1-2DA6-4C23-8A4A-18A2ABA52669}.Debug|Any CPU.Build.0 = Debug|Any CPU
		{B7E6C3F1-2DA6-4C23-8A4A-18A2ABA52669}.Release|Any CPU.ActiveCfg = Release|Any CPU
		{B7E6C3F1-2DA6-4C23-8A4A-18A2ABA52669}.Release|Any CPU.Build.0 = Release|Any CPU
	EndGlobalSection
	GlobalSection(SolutionProperties) = preSolution
		HideSolutionNode = FALSE
	EndGlobalSection
	GlobalSection(ExtensibilityGlobals) = postSolution
		SolutionGuid = {66CFB208-5B42-4F3C-97A8-36665B68FC4F}
	EndGlobalSection
EndGlobal
