
Microsoft Visual Studio Solution File, Format Version 12.00
# Visual Studio Version 17
VisualStudioVersion = 17.10.35122.118
MinimumVisualStudioVersion = 10.0.40219.1
Project("{FAE04EC0-301F-11D3-BF4B-00C04F79EFBC}") = "Actividad 3", "Actividad 3\Actividad 3.csproj", "{4466FA1E-EC8A-4203-BC0A-C417B5256896}"
EndProject
Global
	GlobalSection(SolutionConfigurationPlatforms) = preSolution
		Debug|Any CPU = Debug|Any CPU
		Release|Any CPU = Release|Any CPU
	EndGlobalSection
	GlobalSection(ProjectConfigurationPlatforms) = postSolution
		{4466FA1E-EC8A-4203-BC0A-C417B5256896}.Debug|Any CPU.ActiveCfg = Debug|Any CPU
		{4466FA1E-EC8A-4203-BC0A-C417B5256896}.Debug|Any CPU.Build.0 = Debug|Any CPU
		{4466FA1E-EC8A-4203-BC0A-C417B5256896}.Release|Any CPU.ActiveCfg = Release|Any CPU
		{4466FA1E-EC8A-4203-BC0A-C417B5256896}.Release|Any CPU.Build.0 = Release|Any CPU
	EndGlobalSection
	GlobalSection(SolutionProperties) = preSolution
		HideSolutionNode = FALSE
	EndGlobalSection
	GlobalSection(ExtensibilityGlobals) = postSolution
		SolutionGuid = {2C2503E8-D778-47AF-BC80-8E1E27BD1F67}
	EndGlobalSection
EndGlobal
