
Microsoft Visual Studio Solution File, Format Version 12.00
# Visual Studio Version 17
VisualStudioVersion = 17.11.35327.3
MinimumVisualStudioVersion = 10.0.40219.1
Project("{FAE04EC0-301F-11D3-BF4B-00C04F79EFBC}") = "Actividad 17 parte 2", "Actividad 17 parte 2\Actividad 17 parte 2.csproj", "{AB507D7A-0714-40FD-9F76-B12FB53DAC50}"
EndProject
Global
	GlobalSection(SolutionConfigurationPlatforms) = preSolution
		Debug|Any CPU = Debug|Any CPU
		Release|Any CPU = Release|Any CPU
	EndGlobalSection
	GlobalSection(ProjectConfigurationPlatforms) = postSolution
		{AB507D7A-0714-40FD-9F76-B12FB53DAC50}.Debug|Any CPU.ActiveCfg = Debug|Any CPU
		{AB507D7A-0714-40FD-9F76-B12FB53DAC50}.Debug|Any CPU.Build.0 = Debug|Any CPU
		{AB507D7A-0714-40FD-9F76-B12FB53DAC50}.Release|Any CPU.ActiveCfg = Release|Any CPU
		{AB507D7A-0714-40FD-9F76-B12FB53DAC50}.Release|Any CPU.Build.0 = Release|Any CPU
	EndGlobalSection
	GlobalSection(SolutionProperties) = preSolution
		HideSolutionNode = FALSE
	EndGlobalSection
	GlobalSection(ExtensibilityGlobals) = postSolution
		SolutionGuid = {22D816D8-FAF4-4561-9DA8-38E40443418D}
	EndGlobalSection
EndGlobal
