
Microsoft Visual Studio Solution File, Format Version 12.00
# Visual Studio Version 17
VisualStudioVersion = 17.11.35327.3
MinimumVisualStudioVersion = 10.0.40219.1
Project("{FAE04EC0-301F-11D3-BF4B-00C04F79EFBC}") = "Proyecto 02 Consola", "Proyecto 02 Consola\Proyecto 02 Consola.csproj", "{EE8D885B-4A9A-4754-920D-CA5677E068AA}"
EndProject
Global
	GlobalSection(SolutionConfigurationPlatforms) = preSolution
		Debug|Any CPU = Debug|Any CPU
		Release|Any CPU = Release|Any CPU
	EndGlobalSection
	GlobalSection(ProjectConfigurationPlatforms) = postSolution
		{EE8D885B-4A9A-4754-920D-CA5677E068AA}.Debug|Any CPU.ActiveCfg = Debug|Any CPU
		{EE8D885B-4A9A-4754-920D-CA5677E068AA}.Debug|Any CPU.Build.0 = Debug|Any CPU
		{EE8D885B-4A9A-4754-920D-CA5677E068AA}.Release|Any CPU.ActiveCfg = Release|Any CPU
		{EE8D885B-4A9A-4754-920D-CA5677E068AA}.Release|Any CPU.Build.0 = Release|Any CPU
	EndGlobalSection
	GlobalSection(SolutionProperties) = preSolution
		HideSolutionNode = FALSE
	EndGlobalSection
	GlobalSection(ExtensibilityGlobals) = postSolution
		SolutionGuid = {3EF2E0CC-8B34-4CE4-B351-A0C5BB18FB3A}
	EndGlobalSection
EndGlobal
